{
  "meteor": {},
  "dependencies": {
    "basePackages": {
      "accounts-linkedin": {},
      "router": {},
      "bootstrap-3": {},
      "bootstrap-3-timepicker": {},
      "bootstrap-datepicker": {
        "git": "https://github.com/ideiudicibus/bootstrap-datepicker.git",
        "branch": "master"
      },
      "collection-api": {},
      "d3js-package": {},
      "xml2js": {},
      "leaflet": {},
      "chartjs": {}
    },
    "packages": {
      "accounts-linkedin": {
        "git": "https://github.com/yefim/meteor-accounts-linkedin.git",
        "tag": "v0.0.2",
        "commit": "983607f93a6416957805903d44e2d3efbcf7da42"
      },
      "router": {
        "git": "https://github.com/tmeasday/meteor-router.git",
        "tag": "v0.5.3",
        "commit": "7bd3a1bdd1099625bb8b49406d9b8f961d6f4a17"
      },
      "bootstrap-3": {
        "git": "https://github.com/mangasocial/meteor-bootstrap-3.git",
        "tag": "v0.2.8",
        "commit": "8026f0beaa0274849adfcf8c53d919216b5e06ba"
      },
      "bootstrap-3-timepicker": {
        "git": "https://github.com/ianserlin/meteor-bootstrap-timepicker.git",
        "tag": "v0.2.1",
        "commit": "2dea6a3651fa4621b3281fcaa914564df2026aee"
      },
      "bootstrap-datepicker": {
        "git": "https://github.com/ideiudicibus/bootstrap-datepicker.git",
        "branch": "master",
        "commit": "5b8b05dc778d47986de68ecf193083b26589c5b1"
      },
      "collection-api": {
        "git": "https://github.com/crazytoad/meteor-collectionapi.git",
        "tag": "v0.1.14",
        "commit": "d42ba1681289cb093afa7c67500862241df15f9e"
      },
      "d3js-package": {
        "git": "https://github.com/acidsound/d3js-package.git",
        "tag": "v0.5.1",
        "commit": "7d3eda4fca00782624ef8e99db84488711ba17e3"
      },
      "xml2js": {
        "git": "https://github.com/peerlibrary/meteor-xml2js.git",
        "tag": "v0.2.8.1",
        "commit": "18be7da2a5893e74cbef225eb38773929235ace3"
      },
      "leaflet": {
        "git": "https://github.com/bevanhunt/meteor-leaflet.git",
        "tag": "v0.1.8",
        "commit": "8a3d0f53734e4fe3efc3e6e39aa3da0209e2ec8e"
      },
      "chartjs": {
        "git": "https://github.com/donskifarrell/meteor-chartjs.git",
        "tag": "v0.0.3",
        "commit": "cd3339ccbc99eb8fe7664a918aef25423bdaca3b"
      },
      "linkedin": {
        "git": "https://github.com/yefim/meteor-linkedin.git",
        "tag": "v0.0.1",
        "commit": "d68e9b6cbb5584552960d846b331dc3ed5cf4e5c"
      },
      "page-js-ie-support": {
        "git": "https://github.com/tmeasday/meteor-page-js-ie-support.git",
        "tag": "v1.3.5",
        "commit": "b99ed8380aefd10b2afc8f18d9eed4dd0d8ea9cb"
      }
    }
  }
}
